// !$*UTF8*$!
{
	archiveVersion = 1;
	classes = {
	};
	objectVersion = 46;
	objects = {

/* Begin PBXBuildFile section */
		00EE9632187A7D400077720C /* Foundation.framework in Frameworks */ = {isa = PBXBuildFile; fileRef = 00EE9631187A7D400077720C /* Foundation.framework */; };
		00EE9634187A7D400077720C /* CoreGraphics.framework in Frameworks */ = {isa = PBXBuildFile; fileRef = 00EE9633187A7D400077720C /* CoreGraphics.framework */; };
		00EE9636187A7D400077720C /* UIKit.framework in Frameworks */ = {isa = PBXBuildFile; fileRef = 00EE9635187A7D400077720C /* UIKit.framework */; };
		00EE963C187A7D400077720C /* InfoPlist.strings in Resources */ = {isa = PBXBuildFile; fileRef = 00EE963A187A7D400077720C /* InfoPlist.strings */; };
		00EE963E187A7D400077720C /* main.m in Sources */ = {isa = PBXBuildFile; fileRef = 00EE963D187A7D400077720C /* main.m */; };
		00EE9642187A7D400077720C /* AppDelegate.m in Sources */ = {isa = PBXBuildFile; fileRef = 00EE9641187A7D400077720C /* AppDelegate.m */; };
		00EE9645187A7D400077720C /* Main.storyboard in Resources */ = {isa = PBXBuildFile; fileRef = 00EE9643187A7D400077720C /* Main.storyboard */; };
		00EE9648187A7D400077720C /* ViewController.m in Sources */ = {isa = PBXBuildFile; fileRef = 00EE9647187A7D400077720C /* ViewController.m */; };
		00EE964A187A7D400077720C /* Images.xcassets in Resources */ = {isa = PBXBuildFile; fileRef = 00EE9649187A7D400077720C /* Images.xcassets */; };
		00EE9651187A7D400077720C /* XCTest.framework in Frameworks */ = {isa = PBXBuildFile; fileRef = 00EE9650187A7D400077720C /* XCTest.framework */; };
		00EE9652187A7D400077720C /* Foundation.framework in Frameworks */ = {isa = PBXBuildFile; fileRef = 00EE9631187A7D400077720C /* Foundation.framework */; };
		00EE9653187A7D400077720C /* UIKit.framework in Frameworks */ = {isa = PBXBuildFile; fileRef = 00EE9635187A7D400077720C /* UIKit.framework */; };
		00EE965B187A7D400077720C /* InfoPlist.strings in Resources */ = {isa = PBXBuildFile; fileRef = 00EE9659187A7D400077720C /* InfoPlist.strings */; };
		00EE965D187A7D400077720C /* BetGameTests.m in Sources */ = {isa = PBXBuildFile; fileRef = 00EE965C187A7D400077720C /* BetGameTests.m */; };
/* End PBXBuildFile section */

/* Begin PBXContainerItemProxy section */
		00EE9654187A7D400077720C /* PBXContainerItemProxy */ = {
			isa = PBXContainerItemProxy;
			containerPortal = 00EE9626187A7D400077720C /* Project object */;
			proxyType = 1;
			remoteGlobalIDString = 00EE962D187A7D400077720C;
			remoteInfo = BetGame;
		};
/* End PBXContainerItemProxy section */

/* Begin PBXFileReference section */
		00EE962E187A7D400077720C /* BetGame.app */ = {isa = PBXFileReference; explicitFileType = wrapper.application; includeInIndex = 0; path = BetGame.app; sourceTree = BUILT_PRODUCTS_DIR; };
		00EE9631187A7D400077720C /* Foundation.framework */ = {isa = PBXFileReference; lastKnownFileType = wrapper.framework; name = Foundation.framework; path = System/Library/Frameworks/Foundation.framework; sourceTree = SDKROOT; };
		00EE9633187A7D400077720C /* CoreGraphics.framework */ = {isa = PBXFileReference; lastKnownFileType = wrapper.framework; name = CoreGraphics.framework; path = System/Library/Frameworks/CoreGraphics.framework; sourceTree = SDKROOT; };
		00EE9635187A7D400077720C /* UIKit.framework */ = {isa = PBXFileReference; lastKnownFileType = wrapper.framework; name = UIKit.framework; path = System/Library/Frameworks/UIKit.framework; sourceTree = SDKROOT; };
		00EE9639187A7D400077720C /* BetGame-Info.plist */ = {isa = PBXFileReference; lastKnownFileType = text.plist.xml; path = "BetGame-Info.plist"; sourceTree = "<group>"; };
		00EE963B187A7D400077720C /* en */ = {isa = PBXFileReference; lastKnownFileType = text.plist.strings; name = en; path = en.lproj/InfoPlist.strings; sourceTree = "<group>"; };
		00EE963D187A7D400077720C /* main.m */ = {isa = PBXFileReference; lastKnownFileType = sourcecode.c.objc; path = main.m; sourceTree = "<group>"; };
		00EE963F187A7D400077720C /* BetGame-Prefix.pch */ = {isa = PBXFileReference; lastKnownFileType = sourcecode.c.h; path = "BetGame-Prefix.pch"; sourceTree = "<group>"; };
		00EE9640187A7D400077720C /* AppDelegate.h */ = {isa = PBXFileReference; lastKnownFileType = sourcecode.c.h; path = AppDelegate.h; sourceTree = "<group>"; };
		00EE9641187A7D400077720C /* AppDelegate.m */ = {isa = PBXFileReference; lastKnownFileType = sourcecode.c.objc; path = AppDelegate.m; sourceTree = "<group>"; };
		00EE9644187A7D400077720C /* Base */ = {isa = PBXFileReference; lastKnownFileType = file.storyboard; name = Base; path = Base.lproj/Main.storyboard; sourceTree = "<group>"; };
		00EE9646187A7D400077720C /* ViewController.h */ = {isa = PBXFileReference; lastKnownFileType = sourcecode.c.h; path = ViewController.h; sourceTree = "<group>"; };
		00EE9647187A7D400077720C /* ViewController.m */ = {isa = PBXFileReference; lastKnownFileType = sourcecode.c.objc; path = ViewController.m; sourceTree = "<group>"; };
		00EE9649187A7D400077720C /* Images.xcassets */ = {isa = PBXFileReference; lastKnownFileType = folder.assetcatalog; path = Images.xcassets; sourceTree = "<group>"; };
		00EE964F187A7D400077720C /* BetGameTests.xctest */ = {isa = PBXFileReference; explicitFileType = wrapper.cfbundle; includeInIndex = 0; path = BetGameTests.xctest; sourceTree = BUILT_PRODUCTS_DIR; };
		00EE9650187A7D400077720C /* XCTest.framework */ = {isa = PBXFileReference; lastKnownFileType = wrapper.framework; name = XCTest.framework; path = Library/Frameworks/XCTest.framework; sourceTree = DEVELOPER_DIR; };
		00EE9658187A7D400077720C /* BetGameTests-Info.plist */ = {isa = PBXFileReference; lastKnownFileType = text.plist.xml; path = "BetGameTests-Info.plist"; sourceTree = "<group>"; };
		00EE965A187A7D400077720C /* en */ = {isa = PBXFileReference; lastKnownFileType = text.plist.strings; name = en; path = en.lproj/InfoPlist.strings; sourceTree = "<group>"; };
		00EE965C187A7D400077720C /* BetGameTests.m */ = {isa = PBXFileReference; lastKnownFileType = sourcecode.c.objc; path = BetGameTests.m; sourceTree = "<group>"; };
/* End PBXFileReference section */

/* Begin PBXFrameworksBuildPhase section */
		00EE962B187A7D400077720C /* Frameworks */ = {
			isa = PBXFrameworksBuildPhase;
			buildActionMask = 2147483647;
			files = (
				00EE9634187A7D400077720C /* CoreGraphics.framework in Frameworks */,
				00EE9636187A7D400077720C /* UIKit.framework in Frameworks */,
				00EE9632187A7D400077720C /* Foundation.framework in Frameworks */,
			);
			runOnlyForDeploymentPostprocessing = 0;
		};
		00EE964C187A7D400077720C /* Frameworks */ = {
			isa = PBXFrameworksBuildPhase;
			buildActionMask = 2147483647;
			files = (
				00EE9651187A7D400077720C /* XCTest.framework in Frameworks */,
				00EE9653187A7D400077720C /* UIKit.framework in Frameworks */,
				00EE9652187A7D400077720C /* Foundation.framework in Frameworks */,
			);
			runOnlyForDeploymentPostprocessing = 0;
		};
/* End PBXFrameworksBuildPhase section */

/* Begin PBXGroup section */
		00EE9625187A7D400077720C = {
			isa = PBXGroup;
			children = (
				00EE9637187A7D400077720C /* BetGame */,
				00EE9656187A7D400077720C /* BetGameTests */,
				00EE9630187A7D400077720C /* Frameworks */,
				00EE962F187A7D400077720C /* Products */,
			);
			sourceTree = "<group>";
		};
		00EE962F187A7D400077720C /* Products */ = {
			isa = PBXGroup;
			children = (
				00EE962E187A7D400077720C /* BetGame.app */,
				00EE964F187A7D400077720C /* BetGameTests.xctest */,
			);
			name = Products;
			sourceTree = "<group>";
		};
		00EE9630187A7D400077720C /* Frameworks */ = {
			isa = PBXGroup;
			children = (
				00EE9631187A7D400077720C /* Foundation.framework */,
				00EE9633187A7D400077720C /* CoreGraphics.framework */,
				00EE9635187A7D400077720C /* UIKit.framework */,
				00EE9650187A7D400077720C /* XCTest.framework */,
			);
			name = Frameworks;
			sourceTree = "<group>";
		};
		00EE9637187A7D400077720C /* BetGame */ = {
			isa = PBXGroup;
			children = (
				00EE9640187A7D400077720C /* AppDelegate.h */,
				00EE9641187A7D400077720C /* AppDelegate.m */,
				00EE9643187A7D400077720C /* Main.storyboard */,
				00EE9646187A7D400077720C /* ViewController.h */,
				00EE9647187A7D400077720C /* ViewController.m */,
				00EE9649187A7D400077720C /* Images.xcassets */,
				00EE9638187A7D400077720C /* Supporting Files */,
			);
			path = BetGame;
			sourceTree = "<group>";
		};
		00EE9638187A7D400077720C /* Supporting Files */ = {
			isa = PBXGroup;
			children = (
				00EE9639187A7D400077720C /* BetGame-Info.plist */,
				00EE963A187A7D400077720C /* InfoPlist.strings */,
				00EE963D187A7D400077720C /* main.m */,
				00EE963F187A7D400077720C /* BetGame-Prefix.pch */,
			);
			name = "Supporting Files";
			sourceTree = "<group>";
		};
		00EE9656187A7D400077720C /* BetGameTests */ = {
			isa = PBXGroup;
			children = (
				00EE965C187A7D400077720C /* BetGameTests.m */,
				00EE9657187A7D400077720C /* Supporting Files */,
			);
			path = BetGameTests;
			sourceTree = "<group>";
		};
		00EE9657187A7D400077720C /* Supporting Files */ = {
			isa = PBXGroup;
			children = (
				00EE9658187A7D400077720C /* BetGameTests-Info.plist */,
				00EE9659187A7D400077720C /* InfoPlist.strings */,
			);
			name = "Supporting Files";
			sourceTree = "<group>";
		};
/* End PBXGroup section */

/* Begin PBXNativeTarget section */
		00EE962D187A7D400077720C /* BetGame */ = {
			isa = PBXNativeTarget;
			buildConfigurationList = 00EE9660187A7D400077720C /* Build configuration list for PBXNativeTarget "BetGame" */;
			buildPhases = (
				00EE962A187A7D400077720C /* Sources */,
				00EE962B187A7D400077720C /* Frameworks */,
				00EE962C187A7D400077720C /* Resources */,
			);
			buildRules = (
			);
			dependencies = (
			);
			name = BetGame;
			productName = BetGame;
			productReference = 00EE962E187A7D400077720C /* BetGame.app */;
			productType = "com.apple.product-type.application";
		};
		00EE964E187A7D400077720C /* BetGameTests */ = {
			isa = PBXNativeTarget;
			buildConfigurationList = 00EE9663187A7D400077720C /* Build configuration list for PBXNativeTarget "BetGameTests" */;
			buildPhases = (
				00EE964B187A7D400077720C /* Sources */,
				00EE964C187A7D400077720C /* Frameworks */,
				00EE964D187A7D400077720C /* Resources */,
			);
			buildRules = (
			);
			dependencies = (
				00EE9655187A7D400077720C /* PBXTargetDependency */,
			);
			name = BetGameTests;
			productName = BetGameTests;
			productReference = 00EE964F187A7D400077720C /* BetGameTests.xctest */;
			productType = "com.apple.product-type.bundle.unit-test";
		};
/* End PBXNativeTarget section */

/* Begin PBXProject section */
		00EE9626187A7D400077720C /* Project object */ = {
			isa = PBXProject;
			attributes = {
				LastUpgradeCheck = 0500;
				ORGANIZATIONNAME = "SDT-1";
				TargetAttributes = {
					00EE964E187A7D400077720C = {
						TestTargetID = 00EE962D187A7D400077720C;
					};
				};
			};
			buildConfigurationList = 00EE9629187A7D400077720C /* Build configuration list for PBXProject "BetGame" */;
			compatibilityVersion = "Xcode 3.2";
			developmentRegion = English;
			hasScannedForEncodings = 0;
			knownRegions = (
				en,
				Base,
			);
			mainGroup = 00EE9625187A7D400077720C;
			productRefGroup = 00EE962F187A7D400077720C /* Products */;
			projectDirPath = "";
			projectRoot = "";
			targets = (
				00EE962D187A7D400077720C /* BetGame */,
				00EE964E187A7D400077720C /* BetGameTests */,
			);
		};
/* End PBXProject section */

/* Begin PBXResourcesBuildPhase section */
		00EE962C187A7D400077720C /* Resources */ = {
			isa = PBXResourcesBuildPhase;
			buildActionMask = 2147483647;
			files = (
				00EE964A187A7D400077720C /* Images.xcassets in Resources */,
				00EE963C187A7D400077720C /* InfoPlist.strings in Resources */,
				00EE9645187A7D400077720C /* Main.storyboard in Resources */,
			);
			runOnlyForDeploymentPostprocessing = 0;
		};
		00EE964D187A7D400077720C /* Resources */ = {
			isa = PBXResourcesBuildPhase;
			buildActionMask = 2147483647;
			files = (
				00EE965B187A7D400077720C /* InfoPlist.strings in Resources */,
			);
			runOnlyForDeploymentPostprocessing = 0;
		};
/* End PBXResourcesBuildPhase section */

/* Begin PBXSourcesBuildPhase section */
		00EE962A187A7D400077720C /* Sources */ = {
			isa = PBXSourcesBuildPhase;
			buildActionMask = 2147483647;
			files = (
				00EE9648187A7D400077720C /* ViewController.m in Sources */,
				00EE9642187A7D400077720C /* AppDelegate.m in Sources */,
				00EE963E187A7D400077720C /* main.m in Sources */,
			);
			runOnlyForDeploymentPostprocessing = 0;
		};
		00EE964B187A7D400077720C /* Sources */ = {
			isa = PBXSourcesBuildPhase;
			buildActionMask = 2147483647;
			files = (
				00EE965D187A7D400077720C /* BetGameTests.m in Sources */,
			);
			runOnlyForDeploymentPostprocessing = 0;
		};
/* End PBXSourcesBuildPhase section */

/* Begin PBXTargetDependency section */
		00EE9655187A7D400077720C /* PBXTargetDependency */ = {
			isa = PBXTargetDependency;
			target = 00EE962D187A7D400077720C /* BetGame */;
			targetProxy = 00EE9654187A7D400077720C /* PBXContainerItemProxy */;
		};
/* End PBXTargetDependency section */

/* Begin PBXVariantGroup section */
		00EE963A187A7D400077720C /* InfoPlist.strings */ = {
			isa = PBXVariantGroup;
			children = (
				00EE963B187A7D400077720C /* en */,
			);
			name = InfoPlist.strings;
			sourceTree = "<group>";
		};
		00EE9643187A7D400077720C /* Main.storyboard */ = {
			isa = PBXVariantGroup;
			children = (
				00EE9644187A7D400077720C /* Base */,
			);
			name = Main.storyboard;
			sourceTree = "<group>";
		};
		00EE9659187A7D400077720C /* InfoPlist.strings */ = {
			isa = PBXVariantGroup;
			children = (
				00EE965A187A7D400077720C /* en */,
			);
			name = InfoPlist.strings;
			sourceTree = "<group>";
		};
/* End PBXVariantGroup section */

/* Begin XCBuildConfiguration section */
		00EE965E187A7D400077720C /* Debug */ = {
			isa = XCBuildConfiguration;
			buildSettings = {
				ALWAYS_SEARCH_USER_PATHS = NO;
				ARCHS = "$(ARCHS_STANDARD_INCLUDING_64_BIT)";
				CLANG_CXX_LANGUAGE_STANDARD = "gnu++0x";
				CLANG_CXX_LIBRARY = "libc++";
				CLANG_ENABLE_MODULES = YES;
				CLANG_ENABLE_OBJC_ARC = YES;
				CLANG_WARN_BOOL_CONVERSION = YES;
				CLANG_WARN_CONSTANT_CONVERSION = YES;
				CLANG_WARN_DIRECT_OBJC_ISA_USAGE = YES_ERROR;
				CLANG_WARN_EMPTY_BODY = YES;
				CLANG_WARN_ENUM_CONVERSION = YES;
				CLANG_WARN_INT_CONVERSION = YES;
				CLANG_WARN_OBJC_ROOT_CLASS = YES_ERROR;
				CLANG_WARN__DUPLICATE_METHOD_MATCH = YES;
				"CODE_SIGN_IDENTITY[sdk=iphoneos*]" = "iPhone Developer";
				COPY_PHASE_STRIP = NO;
				GCC_C_LANGUAGE_STANDARD = gnu99;
				GCC_DYNAMIC_NO_PIC = NO;
				GCC_OPTIMIZATION_LEVEL = 0;
				GCC_PREPROCESSOR_DEFINITIONS = (
					"DEBUG=1",
					"$(inherited)",
				);
				GCC_SYMBOLS_PRIVATE_EXTERN = NO;
				GCC_WARN_64_TO_32_BIT_CONVERSION = YES;
				GCC_WARN_ABOUT_RETURN_TYPE = YES_ERROR;
				GCC_WARN_UNDECLARED_SELECTOR = YES;
				GCC_WARN_UNINITIALIZED_AUTOS = YES;
				GCC_WARN_UNUSED_FUNCTION = YES;
				GCC_WARN_UNUSED_VARIABLE = YES;
				IPHONEOS_DEPLOYMENT_TARGET = 7.0;
				ONLY_ACTIVE_ARCH = YES;
				SDKROOT = iphoneos;
			};
			name = Debug;
		};
		00EE965F187A7D400077720C /* Release */ = {
			isa = XCBuildConfiguration;
			buildSettings = {
				ALWAYS_SEARCH_USER_PATHS = NO;
				ARCHS = "$(ARCHS_STANDARD_INCLUDING_64_BIT)";
				CLANG_CXX_LANGUAGE_STANDARD = "gnu++0x";
				CLANG_CXX_LIBRARY = "libc++";
				CLANG_ENABLE_MODULES = YES;
				CLANG_ENABLE_OBJC_ARC = YES;
				CLANG_WARN_BOOL_CONVERSION = YES;
				CLANG_WARN_CONSTANT_CONVERSION = YES;
				CLANG_WARN_DIRECT_OBJC_ISA_USAGE = YES_ERROR;
				CLANG_WARN_EMPTY_BODY = YES;
				CLANG_WARN_ENUM_CONVERSION = YES;
				CLANG_WARN_INT_CONVERSION = YES;
				CLANG_WARN_OBJC_ROOT_CLASS = YES_ERROR;
				CLANG_WARN__DUPLICATE_METHOD_MATCH = YES;
				"CODE_SIGN_IDENTITY[sdk=iphoneos*]" = "iPhone Developer";
				COPY_PHASE_STRIP = YES;
				ENABLE_NS_ASSERTIONS = NO;
				GCC_C_LANGUAGE_STANDARD = gnu99;
				GCC_WARN_64_TO_32_BIT_CONVERSION = YES;
				GCC_WARN_ABOUT_RETURN_TYPE = YES_ERROR;
				GCC_WARN_UNDECLARED_SELECTOR = YES;
				GCC_WARN_UNINITIALIZED_AUTOS = YES;
				GCC_WARN_UNUSED_FUNCTION = YES;
				GCC_WARN_UNUSED_VARIABLE = YES;
				IPHONEOS_DEPLOYMENT_TARGET = 7.0;
				SDKROOT = iphoneos;
				VALIDATE_PRODUCT = YES;
			};
			name = Release;
		};
		00EE9661187A7D400077720C /* Debug */ = {
			isa = XCBuildConfiguration;
			buildSettings = {
				ASSETCATALOG_COMPILER_APPICON_NAME = AppIcon;
				ASSETCATALOG_COMPILER_LAUNCHIMAGE_NAME = LaunchImage;
				GCC_PRECOMPILE_PREFIX_HEADER = YES;
				GCC_PREFIX_HEADER = "BetGame/BetGame-Prefix.pch";
				INFOPLIST_FILE = "BetGame/BetGame-Info.plist";
				PRODUCT_NAME = "$(TARGET_NAME)";
				WRAPPER_EXTENSION = app;
			};
			name = Debug;
		};
		00EE9662187A7D400077720C /* Release */ = {
			isa = XCBuildConfiguration;
			buildSettings = {
				ASSETCATALOG_COMPILER_APPICON_NAME = AppIcon;
				ASSETCATALOG_COMPILER_LAUNCHIMAGE_NAME = LaunchImage;
				GCC_PRECOMPILE_PREFIX_HEADER = YES;
				GCC_PREFIX_HEADER = "BetGame/BetGame-Prefix.pch";
				INFOPLIST_FILE = "BetGame/BetGame-Info.plist";
				PRODUCT_NAME = "$(TARGET_NAME)";
				WRAPPER_EXTENSION = app;
			};
			name = Release;
		};
		00EE9664187A7D400077720C /* Debug */ = {
			isa = XCBuildConfiguration;
			buildSettings = {
				ARCHS = "$(ARCHS_STANDARD_INCLUDING_64_BIT)";
				BUNDLE_LOADER = "$(BUILT_PRODUCTS_DIR)/BetGame.app/BetGame";
				FRAMEWORK_SEARCH_PATHS = (
					"$(SDKROOT)/Developer/Library/Frameworks",
					"$(inherited)",
					"$(DEVELOPER_FRAMEWORKS_DIR)",
				);
				GCC_PRECOMPILE_PREFIX_HEADER = YES;
				GCC_PREFIX_HEADER = "BetGame/BetGame-Prefix.pch";
				GCC_PREPROCESSOR_DEFINITIONS = (
					"DEBUG=1",
					"$(inherited)",
				);
				INFOPLIST_FILE = "BetGameTests/BetGameTests-Info.plist";
				PRODUCT_NAME = "$(TARGET_NAME)";
				TEST_HOST = "$(BUNDLE_LOADER)";
				WRAPPER_EXTENSION = xctest;
			};
			name = Debug;
		};
		00EE9665187A7D400077720C /* Release */ = {
			isa = XCBuildConfiguration;
			buildSettings = {
				ARCHS = "$(ARCHS_STANDARD_INCLUDING_64_BIT)";
				BUNDLE_LOADER = "$(BUILT_PRODUCTS_DIR)/BetGame.app/BetGame";
				FRAMEWORK_SEARCH_PATHS = (
					"$(SDKROOT)/Developer/Library/Frameworks",
					"$(inherited)",
					"$(DEVELOPER_FRAMEWORKS_DIR)",
				);
				GCC_PRECOMPILE_PREFIX_HEADER = YES;
				GCC_PREFIX_HEADER = "BetGame/BetGame-Prefix.pch";
				INFOPLIST_FILE = "BetGameTests/BetGameTests-Info.plist";
				PRODUCT_NAME = "$(TARGET_NAME)";
				TEST_HOST = "$(BUNDLE_LOADER)";
				WRAPPER_EXTENSION = xctest;
			};
			name = Release;
		};
/* End XCBuildConfiguration section */

/* Begin XCConfigurationList section */
		00EE9629187A7D400077720C /* Build configuration list for PBXProject "BetGame" */ = {
			isa = XCConfigurationList;
			buildConfigurations = (
				00EE965E187A7D400077720C /* Debug */,
				00EE965F187A7D400077720C /* Release */,
			);
			defaultConfigurationIsVisible = 0;
			defaultConfigurationName = Release;
		};
		00EE9660187A7D400077720C /* Build configuration list for PBXNativeTarget "BetGame" */ = {
			isa = XCConfigurationList;
			buildConfigurations = (
				00EE9661187A7D400077720C /* Debug */,
				00EE9662187A7D400077720C /* Release */,
			);
			defaultConfigurationIsVisible = 0;
		};
		00EE9663187A7D400077720C /* Build configuration list for PBXNativeTarget "BetGameTests" */ = {
			isa = XCConfigurationList;
			buildConfigurations = (
				00EE9664187A7D400077720C /* Debug */,
				00EE9665187A7D400077720C /* Release */,
			);
			defaultConfigurationIsVisible = 0;
		};
/* End XCConfigurationList section */
	};
	rootObject = 00EE9626187A7D400077720C /* Project object */;
}
